
Microsoft Visual Studio Solution File, Format Version 12.00
# Visual Studio 15
Project("{FAE04EC0-301F-11D3-BF4B-00C04F79EFBC}") = "Assembly-CSharp", "Assembly-CSharp.csproj", "{365A1CB6-B903-88E1-09B0-7BE9D15170FC}"
EndProject
Project("{FAE04EC0-301F-11D3-BF4B-00C04F79EFBC}") = "Assembly-CSharp-Editor", "Assembly-CSharp-Editor.csproj", "{E848E083-F395-ABA0-BEF8-F65BE3CC1712}"
EndProject
Global
	GlobalSection(SolutionConfigurationPlatforms) = preSolution
		Debug|Any CPU = Debug|Any CPU
		Release|Any CPU = Release|Any CPU
	EndGlobalSection
	GlobalSection(ProjectConfigurationPlatforms) = postSolution
		{365A1CB6-B903-88E1-09B0-7BE9D15170FC}.Debug|Any CPU.ActiveCfg = Debug|Any CPU
		{365A1CB6-B903-88E1-09B0-7BE9D15170FC}.Debug|Any CPU.Build.0 = Debug|Any CPU
		{365A1CB6-B903-88E1-09B0-7BE9D15170FC}.Release|Any CPU.ActiveCfg = Release|Any CPU
		{365A1CB6-B903-88E1-09B0-7BE9D15170FC}.Release|Any CPU.Build.0 = Release|Any CPU
		{E848E083-F395-ABA0-BEF8-F65BE3CC1712}.Debug|Any CPU.ActiveCfg = Debug|Any CPU
		{E848E083-F395-ABA0-BEF8-F65BE3CC1712}.Debug|Any CPU.Build.0 = Debug|Any CPU
		{E848E083-F395-ABA0-BEF8-F65BE3CC1712}.Release|Any CPU.ActiveCfg = Release|Any CPU
		{E848E083-F395-ABA0-BEF8-F65BE3CC1712}.Release|Any CPU.Build.0 = Release|Any CPU
	EndGlobalSection
	GlobalSection(SolutionProperties) = preSolution
		HideSolutionNode = FALSE
	EndGlobalSection
EndGlobal
