
Microsoft Visual Studio Solution File, Format Version 12.00
# Visual Studio 15
Project("{FAE04EC0-301F-11D3-BF4B-00C04F79EFBC}") = "Assembly-CSharp", "Assembly-CSharp.csproj", "{6A9C73E9-4B09-2A56-9D8F-349678546583}"
EndProject
Project("{FAE04EC0-301F-11D3-BF4B-00C04F79EFBC}") = "Assembly-CSharp-Editor", "Assembly-CSharp-Editor.csproj", "{09DB14CE-442A-10B1-9A80-5E3F6AA6AFCA}"
EndProject
Global
	GlobalSection(SolutionConfigurationPlatforms) = preSolution
		Debug|Any CPU = Debug|Any CPU
		Release|Any CPU = Release|Any CPU
	EndGlobalSection
	GlobalSection(ProjectConfigurationPlatforms) = postSolution
		{6A9C73E9-4B09-2A56-9D8F-349678546583}.Debug|Any CPU.ActiveCfg = Debug|Any CPU
		{6A9C73E9-4B09-2A56-9D8F-349678546583}.Debug|Any CPU.Build.0 = Debug|Any CPU
		{6A9C73E9-4B09-2A56-9D8F-349678546583}.Release|Any CPU.ActiveCfg = Release|Any CPU
		{6A9C73E9-4B09-2A56-9D8F-349678546583}.Release|Any CPU.Build.0 = Release|Any CPU
		{09DB14CE-442A-10B1-9A80-5E3F6AA6AFCA}.Debug|Any CPU.ActiveCfg = Debug|Any CPU
		{09DB14CE-442A-10B1-9A80-5E3F6AA6AFCA}.Debug|Any CPU.Build.0 = Debug|Any CPU
		{09DB14CE-442A-10B1-9A80-5E3F6AA6AFCA}.Release|Any CPU.ActiveCfg = Release|Any CPU
		{09DB14CE-442A-10B1-9A80-5E3F6AA6AFCA}.Release|Any CPU.Build.0 = Release|Any CPU
	EndGlobalSection
	GlobalSection(SolutionProperties) = preSolution
		HideSolutionNode = FALSE
	EndGlobalSection
EndGlobal
